PODS:
  - Alamofire (4.9.0)
  - Cache (5.2.0)
  - EVReflection/Alamofire (5.10.1):
    - Alamofire
    - EVReflection/Core
  - EVReflection/Core (5.10.1)
  - Imaginary (4.2.0):
    - Cache (~> 5.0)
  - IQKeyboardManagerSwift (6.4.2)
  - Lightbox (2.3.0):
    - Imaginary (~> 4.0)
  - MBProgressHUD (1.1.0)
  - MobileVLCKit (3.3.4)
  - ReachabilitySwift (4.3.1)
  - SkyFloatingLabelTextField (3.7.0)

DEPENDENCIES:
  - Alamofire
  - EVReflection/Alamofire
  - IQKeyboardManagerSwift
  - Lightbox
  - MBProgressHUD
  - MobileVLCKit
  - ReachabilitySwift
  - SkyFloatingLabelTextField

SPEC REPOS:
  https://github.com/cocoapods/specs.git:
    - Alamofire
    - Cache
    - EVReflection
    - Imaginary
    - IQKeyboardManagerSwift
    - Lightbox
    - MBProgressHUD
    - MobileVLCKit
    - ReachabilitySwift
    - SkyFloatingLabelTextField

SPEC CHECKSUMS:
  Alamofire: afc3e7c6db61476cb45cdd23fed06bad03bbc321
  Cache: 807c5d86d01a177f06ede9865add3aea269bbfd4
  EVReflection: 8124de482178d34ccd56473e16cd95990f9a1113
  Imaginary: dae33d06dbc2ada22f98afef5eb45cc061311a2c
  IQKeyboardManagerSwift: 79a3ec200dfb41cb66a89b8575417b5378107c5d
  Lightbox: d317750e4132bfb871a5307cfe0a2c7d6a583c65
  MBProgressHUD: e7baa36a220447d8aeb12769bf0585582f3866d9
  MobileVLCKit: 240fe4772b76ed8985d8acbf165aeba8e605ac9d
  ReachabilitySwift: 4032e2f59586e11e3b0ebe15b167abdd587a388b
  SkyFloatingLabelTextField: 4b46db0ab1ccde0919cded29c656e6b4805eda04

PODFILE CHECKSUM: 05f4f94ccd14414605545108b00372bb54dd2d6d

COCOAPODS: 1.7.1
